
Microsoft Visual Studio Solution File, Format Version 12.00
# Visual Studio 15
VisualStudioVersion = 15.0.26430.16
MinimumVisualStudioVersion = 10.0.40219.1
Project("{8BC9CEB8-8B4A-11D0-8D11-00A0C91BC942}") = "2DGameFramework", "2DGameFramework\2DGameFramework.vcxproj", "{5F496A19-960A-4676-B596-246C7D3B3156}"
	ProjectSection(ProjectDependencies) = postProject
		{0DB0E064-BFC7-39C9-9575-9B13DAE740C0} = {0DB0E064-BFC7-39C9-9575-9B13DAE740C0}
		{82703F6E-C7EE-49ED-89B3-5D8B59B17868} = {82703F6E-C7EE-49ED-89B3-5D8B59B17868}
	EndProjectSection
EndProject
Project("{8BC9CEB8-8B4A-11D0-8D11-00A0C91BC942}") = "GladBuild", "GladBuild\GladBuild.vcxproj", "{82703F6E-C7EE-49ED-89B3-5D8B59B17868}"
EndProject
Project("{8BC9CEB8-8B4A-11D0-8D11-00A0C91BC942}") = "glfw", "GLFW\glfw.vcxproj", "{0DB0E064-BFC7-39C9-9575-9B13DAE740C0}"
EndProject
Global
	GlobalSection(SolutionConfigurationPlatforms) = preSolution
		Debug|x64 = Debug|x64
		Debug|x86 = Debug|x86
		MinSizeRel|x64 = MinSizeRel|x64
		MinSizeRel|x86 = MinSizeRel|x86
		Release|x64 = Release|x64
		Release|x86 = Release|x86
		RelWithDebInfo|x64 = RelWithDebInfo|x64
		RelWithDebInfo|x86 = RelWithDebInfo|x86
	EndGlobalSection
	GlobalSection(ProjectConfigurationPlatforms) = postSolution
		{5F496A19-960A-4676-B596-246C7D3B3156}.Debug|x64.ActiveCfg = Debug|x64
		{5F496A19-960A-4676-B596-246C7D3B3156}.Debug|x64.Build.0 = Debug|x64
		{5F496A19-960A-4676-B596-246C7D3B3156}.Debug|x86.ActiveCfg = Debug|Win32
		{5F496A19-960A-4676-B596-246C7D3B3156}.Debug|x86.Build.0 = Debug|Win32
		{5F496A19-960A-4676-B596-246C7D3B3156}.MinSizeRel|x64.ActiveCfg = Release|x64
		{5F496A19-960A-4676-B596-246C7D3B3156}.MinSizeRel|x64.Build.0 = Release|x64
		{5F496A19-960A-4676-B596-246C7D3B3156}.MinSizeRel|x86.ActiveCfg = Release|Win32
		{5F496A19-960A-4676-B596-246C7D3B3156}.MinSizeRel|x86.Build.0 = Release|Win32
		{5F496A19-960A-4676-B596-246C7D3B3156}.Release|x64.ActiveCfg = Release|x64
		{5F496A19-960A-4676-B596-246C7D3B3156}.Release|x64.Build.0 = Release|x64
		{5F496A19-960A-4676-B596-246C7D3B3156}.Release|x86.ActiveCfg = Release|Win32
		{5F496A19-960A-4676-B596-246C7D3B3156}.Release|x86.Build.0 = Release|Win32
		{5F496A19-960A-4676-B596-246C7D3B3156}.RelWithDebInfo|x64.ActiveCfg = Release|x64
		{5F496A19-960A-4676-B596-246C7D3B3156}.RelWithDebInfo|x64.Build.0 = Release|x64
		{5F496A19-960A-4676-B596-246C7D3B3156}.RelWithDebInfo|x86.ActiveCfg = Release|Win32
		{5F496A19-960A-4676-B596-246C7D3B3156}.RelWithDebInfo|x86.Build.0 = Release|Win32
		{82703F6E-C7EE-49ED-89B3-5D8B59B17868}.Debug|x64.ActiveCfg = Debug|x64
		{82703F6E-C7EE-49ED-89B3-5D8B59B17868}.Debug|x64.Build.0 = Debug|x64
		{82703F6E-C7EE-49ED-89B3-5D8B59B17868}.Debug|x86.ActiveCfg = Debug|Win32
		{82703F6E-C7EE-49ED-89B3-5D8B59B17868}.Debug|x86.Build.0 = Debug|Win32
		{82703F6E-C7EE-49ED-89B3-5D8B59B17868}.MinSizeRel|x64.ActiveCfg = Release|x64
		{82703F6E-C7EE-49ED-89B3-5D8B59B17868}.MinSizeRel|x64.Build.0 = Release|x64
		{82703F6E-C7EE-49ED-89B3-5D8B59B17868}.MinSizeRel|x86.ActiveCfg = Release|Win32
		{82703F6E-C7EE-49ED-89B3-5D8B59B17868}.MinSizeRel|x86.Build.0 = Release|Win32
		{82703F6E-C7EE-49ED-89B3-5D8B59B17868}.Release|x64.ActiveCfg = Release|x64
		{82703F6E-C7EE-49ED-89B3-5D8B59B17868}.Release|x64.Build.0 = Release|x64
		{82703F6E-C7EE-49ED-89B3-5D8B59B17868}.Release|x86.ActiveCfg = Release|Win32
		{82703F6E-C7EE-49ED-89B3-5D8B59B17868}.Release|x86.Build.0 = Release|Win32
		{82703F6E-C7EE-49ED-89B3-5D8B59B17868}.RelWithDebInfo|x64.ActiveCfg = Release|x64
		{82703F6E-C7EE-49ED-89B3-5D8B59B17868}.RelWithDebInfo|x64.Build.0 = Release|x64
		{82703F6E-C7EE-49ED-89B3-5D8B59B17868}.RelWithDebInfo|x86.ActiveCfg = Release|Win32
		{82703F6E-C7EE-49ED-89B3-5D8B59B17868}.RelWithDebInfo|x86.Build.0 = Release|Win32
		{0DB0E064-BFC7-39C9-9575-9B13DAE740C0}.Debug|x64.ActiveCfg = Debug|x64
		{0DB0E064-BFC7-39C9-9575-9B13DAE740C0}.Debug|x64.Build.0 = Debug|x64
		{0DB0E064-BFC7-39C9-9575-9B13DAE740C0}.Debug|x86.ActiveCfg = Debug|Win32
		{0DB0E064-BFC7-39C9-9575-9B13DAE740C0}.Debug|x86.Build.0 = Debug|Win32
		{0DB0E064-BFC7-39C9-9575-9B13DAE740C0}.MinSizeRel|x64.ActiveCfg = MinSizeRel|x64
		{0DB0E064-BFC7-39C9-9575-9B13DAE740C0}.MinSizeRel|x64.Build.0 = MinSizeRel|x64
		{0DB0E064-BFC7-39C9-9575-9B13DAE740C0}.MinSizeRel|x86.ActiveCfg = MinSizeRel|Win32
		{0DB0E064-BFC7-39C9-9575-9B13DAE740C0}.MinSizeRel|x86.Build.0 = MinSizeRel|Win32
		{0DB0E064-BFC7-39C9-9575-9B13DAE740C0}.Release|x64.ActiveCfg = Release|x64
		{0DB0E064-BFC7-39C9-9575-9B13DAE740C0}.Release|x64.Build.0 = Release|x64
		{0DB0E064-BFC7-39C9-9575-9B13DAE740C0}.Release|x86.ActiveCfg = Release|Win32
		{0DB0E064-BFC7-39C9-9575-9B13DAE740C0}.Release|x86.Build.0 = Release|Win32
		{0DB0E064-BFC7-39C9-9575-9B13DAE740C0}.RelWithDebInfo|x64.ActiveCfg = RelWithDebInfo|x64
		{0DB0E064-BFC7-39C9-9575-9B13DAE740C0}.RelWithDebInfo|x64.Build.0 = RelWithDebInfo|x64
		{0DB0E064-BFC7-39C9-9575-9B13DAE740C0}.RelWithDebInfo|x86.ActiveCfg = RelWithDebInfo|Win32
		{0DB0E064-BFC7-39C9-9575-9B13DAE740C0}.RelWithDebInfo|x86.Build.0 = RelWithDebInfo|Win32
	EndGlobalSection
	GlobalSection(SolutionProperties) = preSolution
		HideSolutionNode = FALSE
	EndGlobalSection
EndGlobal
